
Microsoft Visual Studio Solution File, Format Version 12.00
# Visual Studio Version 17
VisualStudioVersion = 17.13.35605.110
MinimumVisualStudioVersion = 10.0.40219.1
Project("{FAE04EC0-301F-11D3-BF4B-00C04F79EFBC}") = "ASiNet.App.FSTools", "ASiNet.App.FSTools\ASiNet.App.FSTools.csproj", "{B2202701-2900-438D-8C67-1D94B173DBF4}"
EndProject
Project("{FAE04EC0-301F-11D3-BF4B-00C04F79EFBC}") = "ASiNet.FSTools.Models", "ASiNet.FSTools.Models\ASiNet.FSTools.Models.csproj", "{04027068-2FB3-4E9D-B70A-4651B8AB01F1}"
EndProject
Project("{FAE04EC0-301F-11D3-BF4B-00C04F79EFBC}") = "ASiNet.FSTools.Controls", "ASiNet.FSTools.Controls\ASiNet.FSTools.Controls.csproj", "{C155D157-4AC9-4083-85A5-06AF813B7A3B}"
EndProject
Project("{2150E333-8FDC-42A3-9474-1A3956D46DE8}") = "Controls", "Controls", "{36D591C7-65C7-A0D1-1CBC-10CDE441BDC8}"
EndProject
Project("{FAE04EC0-301F-11D3-BF4B-00C04F79EFBC}") = "ASiNet.FSTools.VirtualWorkspace", "ASiNet.FSTools.VirtualWorkspace\ASiNet.FSTools.VirtualWorkspace.csproj", "{82C91472-B241-444F-877A-CA95EFDC4BCF}"
EndProject
Project("{2150E333-8FDC-42A3-9474-1A3956D46DE8}") = "Areas", "Areas", "{F5ECE00C-B609-4FEE-BA02-7E30C509CB38}"
EndProject
Project("{FAE04EC0-301F-11D3-BF4B-00C04F79EFBC}") = "ASiNet.FSTools.SplitWorkspace", "ASiNet.FSTools.SplitWorkspace\ASiNet.FSTools.SplitWorkspace.csproj", "{A5FCA892-AEF4-40BA-A9C0-A51A68FDE964}"
EndProject
Global
	GlobalSection(SolutionConfigurationPlatforms) = preSolution
		Debug|Any CPU = Debug|Any CPU
		Release|Any CPU = Release|Any CPU
	EndGlobalSection
	GlobalSection(ProjectConfigurationPlatforms) = postSolution
		{B2202701-2900-438D-8C67-1D94B173DBF4}.Debug|Any CPU.ActiveCfg = Debug|Any CPU
		{B2202701-2900-438D-8C67-1D94B173DBF4}.Debug|Any CPU.Build.0 = Debug|Any CPU
		{B2202701-2900-438D-8C67-1D94B173DBF4}.Release|Any CPU.ActiveCfg = Release|Any CPU
		{B2202701-2900-438D-8C67-1D94B173DBF4}.Release|Any CPU.Build.0 = Release|Any CPU
		{04027068-2FB3-4E9D-B70A-4651B8AB01F1}.Debug|Any CPU.ActiveCfg = Debug|Any CPU
		{04027068-2FB3-4E9D-B70A-4651B8AB01F1}.Debug|Any CPU.Build.0 = Debug|Any CPU
		{04027068-2FB3-4E9D-B70A-4651B8AB01F1}.Release|Any CPU.ActiveCfg = Release|Any CPU
		{04027068-2FB3-4E9D-B70A-4651B8AB01F1}.Release|Any CPU.Build.0 = Release|Any CPU
		{C155D157-4AC9-4083-85A5-06AF813B7A3B}.Debug|Any CPU.ActiveCfg = Debug|Any CPU
		{C155D157-4AC9-4083-85A5-06AF813B7A3B}.Debug|Any CPU.Build.0 = Debug|Any CPU
		{C155D157-4AC9-4083-85A5-06AF813B7A3B}.Release|Any CPU.ActiveCfg = Release|Any CPU
		{C155D157-4AC9-4083-85A5-06AF813B7A3B}.Release|Any CPU.Build.0 = Release|Any CPU
		{82C91472-B241-444F-877A-CA95EFDC4BCF}.Debug|Any CPU.ActiveCfg = Debug|Any CPU
		{82C91472-B241-444F-877A-CA95EFDC4BCF}.Debug|Any CPU.Build.0 = Debug|Any CPU
		{82C91472-B241-444F-877A-CA95EFDC4BCF}.Release|Any CPU.ActiveCfg = Release|Any CPU
		{82C91472-B241-444F-877A-CA95EFDC4BCF}.Release|Any CPU.Build.0 = Release|Any CPU
		{A5FCA892-AEF4-40BA-A9C0-A51A68FDE964}.Debug|Any CPU.ActiveCfg = Debug|Any CPU
		{A5FCA892-AEF4-40BA-A9C0-A51A68FDE964}.Debug|Any CPU.Build.0 = Debug|Any CPU
		{A5FCA892-AEF4-40BA-A9C0-A51A68FDE964}.Release|Any CPU.ActiveCfg = Release|Any CPU
		{A5FCA892-AEF4-40BA-A9C0-A51A68FDE964}.Release|Any CPU.Build.0 = Release|Any CPU
	EndGlobalSection
	GlobalSection(SolutionProperties) = preSolution
		HideSolutionNode = FALSE
	EndGlobalSection
	GlobalSection(NestedProjects) = preSolution
		{82C91472-B241-444F-877A-CA95EFDC4BCF} = {F5ECE00C-B609-4FEE-BA02-7E30C509CB38}
		{F5ECE00C-B609-4FEE-BA02-7E30C509CB38} = {36D591C7-65C7-A0D1-1CBC-10CDE441BDC8}
		{A5FCA892-AEF4-40BA-A9C0-A51A68FDE964} = {F5ECE00C-B609-4FEE-BA02-7E30C509CB38}
	EndGlobalSection
	GlobalSection(ExtensibilityGlobals) = postSolution
		SolutionGuid = {5EEC9A6A-4F78-4D4C-B5E8-AD8F905F3456}
	EndGlobalSection
EndGlobal
